// !$*UTF8*$!
{
	archiveVersion = 1;
	classes = {
	};
	objectVersion = 77;
	objects = {

/* Begin PBXContainerItemProxy section */
		6F9D65582F328D2C00F1F22D /* PBXContainerItemProxy */ = {
			isa = PBXContainerItemProxy;
			containerPortal = 6F9D65422F328D2A00F1F22D /* Project object */;
			proxyType = 1;
			remoteGlobalIDString = 6F9D65492F328D2A00F1F22D;
			remoteInfo = BoringPhoneInterface;
		};
		6F9D65622F328D2C00F1F22D /* PBXContainerItemProxy */ = {
			isa = PBXContainerItemProxy;
			containerPortal = 6F9D65422F328D2A00F1F22D /* Project object */;
			proxyType = 1;
			remoteGlobalIDString = 6F9D65492F328D2A00F1F22D;
			remoteInfo = BoringPhoneInterface;
		};
/* End PBXContainerItemProxy section */

/* Begin PBXFileReference section */
		6F9D654A2F328D2A00F1F22D /* BoringPhoneInterface.app */ = {isa = PBXFileReference; explicitFileType = wrapper.application; includeInIndex = 0; path = BoringPhoneInterface.app; sourceTree = BUILT_PRODUCTS_DIR; };
		6F9D65572F328D2C00F1F22D /* BoringPhoneInterfaceTests.xctest */ = {isa = PBXFileReference; explicitFileType = wrapper.cfbundle; includeInIndex = 0; path = BoringPhoneInterfaceTests.xctest; sourceTree = BUILT_PRODUCTS_DIR; };
		6F9D65612F328D2C00F1F22D /* BoringPhoneInterfaceUITests.xctest */ = {isa = PBXFileReference; explicitFileType = wrapper.cfbundle; includeInIndex = 0; path = BoringPhoneInterfaceUITests.xctest; sourceTree = BUILT_PRODUCTS_DIR; };
/* End PBXFileReference section */

/* Begin PBXFileSystemSynchronizedRootGroup section */
		6F9D654C2F328D2A00F1F22D /* BoringPhoneInterface */ = {
			isa = PBXFileSystemSynchronizedRootGroup;
			path = BoringPhoneInterface;
			sourceTree = "<group>";
		};
		6F9D655A2F328D2C00F1F22D /* BoringPhoneInterfaceTests */ = {
			isa = PBXFileSystemSynchronizedRootGroup;
			path = BoringPhoneInterfaceTests;
			sourceTree = "<group>";
		};
		6F9D65642F328D2C00F1F22D /* BoringPhoneInterfaceUITests */ = {
			isa = PBXFileSystemSynchronizedRootGroup;
			path = BoringPhoneInterfaceUITests;
			sourceTree = "<group>";
		};
/* End PBXFileSystemSynchronizedRootGroup section */

/* Begin PBXFrameworksBuildPhase section */
		6F9D65472F328D2A00F1F22D /* Frameworks */ = {
			isa = PBXFrameworksBuildPhase;
			buildActionMask = 2147483647;
			files = (
			);
			runOnlyForDeploymentPostprocessing = 0;
		};
		6F9D65542F328D2C00F1F22D /* Frameworks */ = {
			isa = PBXFrameworksBuildPhase;
			buildActionMask = 2147483647;
			files = (
			);
			runOnlyForDeploymentPostprocessing = 0;
		};
		6F9D655E2F328D2C00F1F22D /* Frameworks */ = {
			isa = PBXFrameworksBuildPhase;
			buildActionMask = 2147483647;
			files = (
			);
			runOnlyForDeploymentPostprocessing = 0;
		};
/* End PBXFrameworksBuildPhase section */

/* Begin PBXGroup section */
		6F9D65412F328D2A00F1F22D = {
			isa = PBXGroup;
			children = (
				6F9D654C2F328D2A00F1F22D /* BoringPhoneInterface */,
				6F9D655A2F328D2C00F1F22D /* BoringPhoneInterfaceTests */,
				6F9D65642F328D2C00F1F22D /* BoringPhoneInterfaceUITests */,
				6F9D654B2F328D2A00F1F22D /* Products */,
			);
			sourceTree = "<group>";
		};
		6F9D654B2F328D2A00F1F22D /* Products */ = {
			isa = PBXGroup;
			children = (
				6F9D654A2F328D2A00F1F22D /* BoringPhoneInterface.app */,
				6F9D65572F328D2C00F1F22D /* BoringPhoneInterfaceTests.xctest */,
				6F9D65612F328D2C00F1F22D /* BoringPhoneInterfaceUITests.xctest */,
			);
			name = Products;
			sourceTree = "<group>";
		};
/* End PBXGroup section */

/* Begin PBXNativeTarget section */
		6F9D65492F328D2A00F1F22D /* BoringPhoneInterface */ = {
			isa = PBXNativeTarget;
			buildConfigurationList = 6F9D656B2F328D2C00F1F22D /* Build configuration list for PBXNativeTarget "BoringPhoneInterface" */;
			buildPhases = (
				6F9D65462F328D2A00F1F22D /* Sources */,
				6F9D65472F328D2A00F1F22D /* Frameworks */,
				6F9D65482F328D2A00F1F22D /* Resources */,
			);
			buildRules = (
			);
			dependencies = (
			);
			fileSystemSynchronizedGroups = (
				6F9D654C2F328D2A00F1F22D /* BoringPhoneInterface */,
			);
			name = BoringPhoneInterface;
			packageProductDependencies = (
			);
			productName = BoringPhoneInterface;
			productReference = 6F9D654A2F328D2A00F1F22D /* BoringPhoneInterface.app */;
			productType = "com.apple.product-type.application";
		};
		6F9D65562F328D2C00F1F22D /* BoringPhoneInterfaceTests */ = {
			isa = PBXNativeTarget;
			buildConfigurationList = 6F9D656E2F328D2C00F1F22D /* Build configuration list for PBXNativeTarget "BoringPhoneInterfaceTests" */;
			buildPhases = (
				6F9D65532F328D2C00F1F22D /* Sources */,
				6F9D65542F328D2C00F1F22D /* Frameworks */,
				6F9D65552F328D2C00F1F22D /* Resources */,
			);
			buildRules = (
			);
			dependencies = (
				6F9D65592F328D2C00F1F22D /* PBXTargetDependency */,
			);
			fileSystemSynchronizedGroups = (
				6F9D655A2F328D2C00F1F22D /* BoringPhoneInterfaceTests */,
			);
			name = BoringPhoneInterfaceTests;
			packageProductDependencies = (
			);
			productName = BoringPhoneInterfaceTests;
			productReference = 6F9D65572F328D2C00F1F22D /* BoringPhoneInterfaceTests.xctest */;
			productType = "com.apple.product-type.bundle.unit-test";
		};
		6F9D65602F328D2C00F1F22D /* BoringPhoneInterfaceUITests */ = {
			isa = PBXNativeTarget;
			buildConfigurationList = 6F9D65712F328D2C00F1F22D /* Build configuration list for PBXNativeTarget "BoringPhoneInterfaceUITests" */;
			buildPhases = (
				6F9D655D2F328D2C00F1F22D /* Sources */,
				6F9D655E2F328D2C00F1F22D /* Frameworks */,
				6F9D655F2F328D2C00F1F22D /* Resources */,
			);
			buildRules = (
			);
			dependencies = (
				6F9D65632F328D2C00F1F22D /* PBXTargetDependency */,
			);
			fileSystemSynchronizedGroups = (
				6F9D65642F328D2C00F1F22D /* BoringPhoneInterfaceUITests */,
			);
			name = BoringPhoneInterfaceUITests;
			packageProductDependencies = (
			);
			productName = BoringPhoneInterfaceUITests;
			productReference = 6F9D65612F328D2C00F1F22D /* BoringPhoneInterfaceUITests.xctest */;
			productType = "com.apple.product-type.bundle.ui-testing";
		};
/* End PBXNativeTarget section */

/* Begin PBXProject section */
		6F9D65422F328D2A00F1F22D /* Project object */ = {
			isa = PBXProject;
			attributes = {
				BuildIndependentTargetsInParallel = 1;
				LastSwiftUpdateCheck = 2620;
				LastUpgradeCheck = 2620;
				TargetAttributes = {
					6F9D65492F328D2A00F1F22D = {
						CreatedOnToolsVersion = 26.2;
					};
					6F9D65562F328D2C00F1F22D = {
						CreatedOnToolsVersion = 26.2;
						TestTargetID = 6F9D65492F328D2A00F1F22D;
					};
					6F9D65602F328D2C00F1F22D = {
						CreatedOnToolsVersion = 26.2;
						TestTargetID = 6F9D65492F328D2A00F1F22D;
					};
				};
			};
			buildConfigurationList = 6F9D65452F328D2A00F1F22D /* Build configuration list for PBXProject "BoringPhoneInterface" */;
			developmentRegion = en;
			hasScannedForEncodings = 0;
			knownRegions = (
				en,
				Base,
			);
			mainGroup = 6F9D65412F328D2A00F1F22D;
			minimizedProjectReferenceProxies = 1;
			preferredProjectObjectVersion = 77;
			productRefGroup = 6F9D654B2F328D2A00F1F22D /* Products */;
			projectDirPath = "";
			projectRoot = "";
			targets = (
				6F9D65492F328D2A00F1F22D /* BoringPhoneInterface */,
				6F9D65562F328D2C00F1F22D /* BoringPhoneInterfaceTests */,
				6F9D65602F328D2C00F1F22D /* BoringPhoneInterfaceUITests */,
			);
		};
/* End PBXProject section */

/* Begin PBXResourcesBuildPhase section */
		6F9D65482F328D2A00F1F22D /* Resources */ = {
			isa = PBXResourcesBuildPhase;
			buildActionMask = 2147483647;
			files = (
			);
			runOnlyForDeploymentPostprocessing = 0;
		};
		6F9D65552F328D2C00F1F22D /* Resources */ = {
			isa = PBXResourcesBuildPhase;
			buildActionMask = 2147483647;
			files = (
			);
			runOnlyForDeploymentPostprocessing = 0;
		};
		6F9D655F2F328D2C00F1F22D /* Resources */ = {
			isa = PBXResourcesBuildPhase;
			buildActionMask = 2147483647;
			files = (
			);
			runOnlyForDeploymentPostprocessing = 0;
		};
/* End PBXResourcesBuildPhase section */

/* Begin PBXSourcesBuildPhase section */
		6F9D65462F328D2A00F1F22D /* Sources */ = {
			isa = PBXSourcesBuildPhase;
			buildActionMask = 2147483647;
			files = (
			);
			runOnlyForDeploymentPostprocessing = 0;
		};
		6F9D65532F328D2C00F1F22D /* Sources */ = {
			isa = PBXSourcesBuildPhase;
			buildActionMask = 2147483647;
			files = (
			);
			runOnlyForDeploymentPostprocessing = 0;
		};
		6F9D655D2F328D2C00F1F22D /* Sources */ = {
			isa = PBXSourcesBuildPhase;
			buildActionMask = 2147483647;
			files = (
			);
			runOnlyForDeploymentPostprocessing = 0;
		};
/* End PBXSourcesBuildPhase section */

/* Begin PBXTargetDependency section */
		6F9D65592F328D2C00F1F22D /* PBXTargetDependency */ = {
			isa = PBXTargetDependency;
			target = 6F9D65492F328D2A00F1F22D /* BoringPhoneInterface */;
			targetProxy = 6F9D65582F328D2C00F1F22D /* PBXContainerItemProxy */;
		};
		6F9D65632F328D2C00F1F22D /* PBXTargetDependency */ = {
			isa = PBXTargetDependency;
			target = 6F9D65492F328D2A00F1F22D /* BoringPhoneInterface */;
			targetProxy = 6F9D65622F328D2C00F1F22D /* PBXContainerItemProxy */;
		};
/* End PBXTargetDependency section */

/* Begin XCBuildConfiguration section */
		6F9D65692F328D2C00F1F22D /* Debug */ = {
			isa = XCBuildConfiguration;
			buildSettings = {
				ALWAYS_SEARCH_USER_PATHS = NO;
				ASSETCATALOG_COMPILER_GENERATE_SWIFT_ASSET_SYMBOL_EXTENSIONS = YES;
				CLANG_ANALYZER_NONNULL = YES;
				CLANG_ANALYZER_NUMBER_OBJECT_CONVERSION = YES_AGGRESSIVE;
				CLANG_CXX_LANGUAGE_STANDARD = "gnu++20";
				CLANG_ENABLE_MODULES = YES;
				CLANG_ENABLE_OBJC_ARC = YES;
				CLANG_ENABLE_OBJC_WEAK = YES;
				CLANG_WARN_BLOCK_CAPTURE_AUTORELEASING = YES;
				CLANG_WARN_BOOL_CONVERSION = YES;
				CLANG_WARN_COMMA = YES;
				CLANG_WARN_CONSTANT_CONVERSION = YES;
				CLANG_WARN_DEPRECATED_OBJC_IMPLEMENTATIONS = YES;
				CLANG_WARN_DIRECT_OBJC_ISA_USAGE = YES_ERROR;
				CLANG_WARN_DOCUMENTATION_COMMENTS = YES;
				CLANG_WARN_EMPTY_BODY = YES;
				CLANG_WARN_ENUM_CONVERSION = YES;
				CLANG_WARN_INFINITE_RECURSION = YES;
				CLANG_WARN_INT_CONVERSION = YES;
				CLANG_WARN_NON_LITERAL_NULL_CONVERSION = YES;
				CLANG_WARN_OBJC_IMPLICIT_RETAIN_SELF = YES;
				CLANG_WARN_OBJC_LITERAL_CONVERSION = YES;
				CLANG_WARN_OBJC_ROOT_CLASS = YES_ERROR;
				CLANG_WARN_QUOTED_INCLUDE_IN_FRAMEWORK_HEADER = YES;
				CLANG_WARN_RANGE_LOOP_ANALYSIS = YES;
				CLANG_WARN_STRICT_PROTOTYPES = YES;
				CLANG_WARN_SUSPICIOUS_MOVE = YES;
				CLANG_WARN_UNGUARDED_AVAILABILITY = YES_AGGRESSIVE;
				CLANG_WARN_UNREACHABLE_CODE = YES;
				CLANG_WARN__DUPLICATE_METHOD_MATCH = YES;
				COPY_PHASE_STRIP = NO;
				DEBUG_INFORMATION_FORMAT = dwarf;
				DEVELOPMENT_TEAM = UU3VB7H99Z;
				ENABLE_STRICT_OBJC_MSGSEND = YES;
				ENABLE_TESTABILITY = YES;
				ENABLE_USER_SCRIPT_SANDBOXING = YES;
				GCC_C_LANGUAGE_STANDARD = gnu17;
				GCC_DYNAMIC_NO_PIC = NO;
				GCC_NO_COMMON_BLOCKS = YES;
				GCC_OPTIMIZATION_LEVEL = 0;
				GCC_PREPROCESSOR_DEFINITIONS = (
					"DEBUG=1",
					"$(inherited)",
				);
				GCC_WARN_64_TO_32_BIT_CONVERSION = YES;
				GCC_WARN_ABOUT_RETURN_TYPE = YES_ERROR;
				GCC_WARN_UNDECLARED_SELECTOR = YES;
				GCC_WARN_UNINITIALIZED_AUTOS = YES_AGGRESSIVE;
				GCC_WARN_UNUSED_FUNCTION = YES;
				GCC_WARN_UNUSED_VARIABLE = YES;
				IPHONEOS_DEPLOYMENT_TARGET = 26.2;
				LOCALIZATION_PREFERS_STRING_CATALOGS = YES;
				MTL_ENABLE_DEBUG_INFO = INCLUDE_SOURCE;
				MTL_FAST_MATH = YES;
				ONLY_ACTIVE_ARCH = YES;
				SDKROOT = iphoneos;
				SWIFT_ACTIVE_COMPILATION_CONDITIONS = "DEBUG $(inherited)";
				SWIFT_OPTIMIZATION_LEVEL = "-Onone";
			};
			name = Debug;
		};
		6F9D656A2F328D2C00F1F22D /* Release */ = {
			isa = XCBuildConfiguration;
			buildSettings = {
				ALWAYS_SEARCH_USER_PATHS = NO;
				ASSETCATALOG_COMPILER_GENERATE_SWIFT_ASSET_SYMBOL_EXTENSIONS = YES;
				CLANG_ANALYZER_NONNULL = YES;
				CLANG_ANALYZER_NUMBER_OBJECT_CONVERSION = YES_AGGRESSIVE;
				CLANG_CXX_LANGUAGE_STANDARD = "gnu++20";
				CLANG_ENABLE_MODULES = YES;
				CLANG_ENABLE_OBJC_ARC = YES;
				CLANG_ENABLE_OBJC_WEAK = YES;
				CLANG_WARN_BLOCK_CAPTURE_AUTORELEASING = YES;
				CLANG_WARN_BOOL_CONVERSION = YES;
				CLANG_WARN_COMMA = YES;
				CLANG_WARN_CONSTANT_CONVERSION = YES;
				CLANG_WARN_DEPRECATED_OBJC_IMPLEMENTATIONS = YES;
				CLANG_WARN_DIRECT_OBJC_ISA_USAGE = YES_ERROR;
				CLANG_WARN_DOCUMENTATION_COMMENTS = YES;
				CLANG_WARN_EMPTY_BODY = YES;
				CLANG_WARN_ENUM_CONVERSION = YES;
				CLANG_WARN_INFINITE_RECURSION = YES;
				CLANG_WARN_INT_CONVERSION = YES;
				CLANG_WARN_NON_LITERAL_NULL_CONVERSION = YES;
				CLANG_WARN_OBJC_IMPLICIT_RETAIN_SELF = YES;
				CLANG_WARN_OBJC_LITERAL_CONVERSION = YES;
				CLANG_WARN_OBJC_ROOT_CLASS = YES_ERROR;
				CLANG_WARN_QUOTED_INCLUDE_IN_FRAMEWORK_HEADER = YES;
				CLANG_WARN_RANGE_LOOP_ANALYSIS = YES;
				CLANG_WARN_STRICT_PROTOTYPES = YES;
				CLANG_WARN_SUSPICIOUS_MOVE = YES;
				CLANG_WARN_UNGUARDED_AVAILABILITY = YES_AGGRESSIVE;
				CLANG_WARN_UNREACHABLE_CODE = YES;
				CLANG_WARN__DUPLICATE_METHOD_MATCH = YES;
				COPY_PHASE_STRIP = NO;
				DEBUG_INFORMATION_FORMAT = "dwarf-with-dsym";
				DEVELOPMENT_TEAM = UU3VB7H99Z;
				ENABLE_NS_ASSERTIONS = NO;
				ENABLE_STRICT_OBJC_MSGSEND = YES;
				ENABLE_USER_SCRIPT_SANDBOXING = YES;
				GCC_C_LANGUAGE_STANDARD = gnu17;
				GCC_NO_COMMON_BLOCKS = YES;
				GCC_WARN_64_TO_32_BIT_CONVERSION = YES;
				GCC_WARN_ABOUT_RETURN_TYPE = YES_ERROR;
				GCC_WARN_UNDECLARED_SELECTOR = YES;
				GCC_WARN_UNINITIALIZED_AUTOS = YES_AGGRESSIVE;
				GCC_WARN_UNUSED_FUNCTION = YES;
				GCC_WARN_UNUSED_VARIABLE = YES;
				IPHONEOS_DEPLOYMENT_TARGET = 26.2;
				LOCALIZATION_PREFERS_STRING_CATALOGS = YES;
				MTL_ENABLE_DEBUG_INFO = NO;
				MTL_FAST_MATH = YES;
				SDKROOT = iphoneos;
				SWIFT_COMPILATION_MODE = wholemodule;
				VALIDATE_PRODUCT = YES;
			};
			name = Release;
		};
		6F9D656C2F328D2C00F1F22D /* Debug */ = {
			isa = XCBuildConfiguration;
			buildSettings = {
				ASSETCATALOG_COMPILER_APPICON_NAME = AppIcon;
				ASSETCATALOG_COMPILER_GLOBAL_ACCENT_COLOR_NAME = AccentColor;
				CODE_SIGN_STYLE = Automatic;
				CURRENT_PROJECT_VERSION = 1;
				DEVELOPMENT_TEAM = UU3VB7H99Z;
				ENABLE_PREVIEWS = YES;
				GENERATE_INFOPLIST_FILE = YES;
				INFOPLIST_KEY_UIApplicationSceneManifest_Generation = YES;
				INFOPLIST_KEY_UIApplicationSupportsIndirectInputEvents = YES;
				INFOPLIST_KEY_UILaunchScreen_Generation = YES;
				INFOPLIST_KEY_UISupportedInterfaceOrientations_iPad = "UIInterfaceOrientationPortrait UIInterfaceOrientationPortraitUpsideDown UIInterfaceOrientationLandscapeLeft UIInterfaceOrientationLandscapeRight";
				INFOPLIST_KEY_UISupportedInterfaceOrientations_iPhone = "UIInterfaceOrientationPortrait UIInterfaceOrientationLandscapeLeft UIInterfaceOrientationLandscapeRight";
				LD_RUNPATH_SEARCH_PATHS = (
					"$(inherited)",
					"@executable_path/Frameworks",
				);
				MARKETING_VERSION = 1.0;
				PRODUCT_BUNDLE_IDENTIFIER = com.Akshay.BoringPhoneInterface;
				PRODUCT_NAME = "$(TARGET_NAME)";
				STRING_CATALOG_GENERATE_SYMBOLS = YES;
				SWIFT_APPROACHABLE_CONCURRENCY = YES;
				SWIFT_DEFAULT_ACTOR_ISOLATION = MainActor;
				SWIFT_EMIT_LOC_STRINGS = YES;
				SWIFT_UPCOMING_FEATURE_MEMBER_IMPORT_VISIBILITY = YES;
				SWIFT_VERSION = 5.0;
				TARGETED_DEVICE_FAMILY = "1,2";
			};
			name = Debug;
		};
		6F9D656D2F328D2C00F1F22D /* Release */ = {
			isa = XCBuildConfiguration;
			buildSettings = {
				ASSETCATALOG_COMPILER_APPICON_NAME = AppIcon;
				ASSETCATALOG_COMPILER_GLOBAL_ACCENT_COLOR_NAME = AccentColor;
				CODE_SIGN_STYLE = Automatic;
				CURRENT_PROJECT_VERSION = 1;
				DEVELOPMENT_TEAM = UU3VB7H99Z;
				ENABLE_PREVIEWS = YES;
				GENERATE_INFOPLIST_FILE = YES;
				INFOPLIST_KEY_UIApplicationSceneManifest_Generation = YES;
				INFOPLIST_KEY_UIApplicationSupportsIndirectInputEvents = YES;
				INFOPLIST_KEY_UILaunchScreen_Generation = YES;
				INFOPLIST_KEY_UISupportedInterfaceOrientations_iPad = "UIInterfaceOrientationPortrait UIInterfaceOrientationPortraitUpsideDown UIInterfaceOrientationLandscapeLeft UIInterfaceOrientationLandscapeRight";
				INFOPLIST_KEY_UISupportedInterfaceOrientations_iPhone = "UIInterfaceOrientationPortrait UIInterfaceOrientationLandscapeLeft UIInterfaceOrientationLandscapeRight";
				LD_RUNPATH_SEARCH_PATHS = (
					"$(inherited)",
					"@executable_path/Frameworks",
				);
				MARKETING_VERSION = 1.0;
				PRODUCT_BUNDLE_IDENTIFIER = com.Akshay.BoringPhoneInterface;
				PRODUCT_NAME = "$(TARGET_NAME)";
				STRING_CATALOG_GENERATE_SYMBOLS = YES;
				SWIFT_APPROACHABLE_CONCURRENCY = YES;
				SWIFT_DEFAULT_ACTOR_ISOLATION = MainActor;
				SWIFT_EMIT_LOC_STRINGS = YES;
				SWIFT_UPCOMING_FEATURE_MEMBER_IMPORT_VISIBILITY = YES;
				SWIFT_VERSION = 5.0;
				TARGETED_DEVICE_FAMILY = "1,2";
			};
			name = Release;
		};
		6F9D656F2F328D2C00F1F22D /* Debug */ = {
			isa = XCBuildConfiguration;
			buildSettings = {
				BUNDLE_LOADER = "$(TEST_HOST)";
				CODE_SIGN_STYLE = Automatic;
				CURRENT_PROJECT_VERSION = 1;
				DEVELOPMENT_TEAM = UU3VB7H99Z;
				GENERATE_INFOPLIST_FILE = YES;
				IPHONEOS_DEPLOYMENT_TARGET = 26.2;
				MARKETING_VERSION = 1.0;
				PRODUCT_BUNDLE_IDENTIFIER = com.Akshay.BoringPhoneInterfaceTests;
				PRODUCT_NAME = "$(TARGET_NAME)";
				STRING_CATALOG_GENERATE_SYMBOLS = NO;
				SWIFT_APPROACHABLE_CONCURRENCY = YES;
				SWIFT_EMIT_LOC_STRINGS = NO;
				SWIFT_UPCOMING_FEATURE_MEMBER_IMPORT_VISIBILITY = YES;
				SWIFT_VERSION = 5.0;
				TARGETED_DEVICE_FAMILY = "1,2";
				TEST_HOST = "$(BUILT_PRODUCTS_DIR)/BoringPhoneInterface.app/$(BUNDLE_EXECUTABLE_FOLDER_PATH)/BoringPhoneInterface";
			};
			name = Debug;
		};
		6F9D65702F328D2C00F1F22D /* Release */ = {
			isa = XCBuildConfiguration;
			buildSettings = {
				BUNDLE_LOADER = "$(TEST_HOST)";
				CODE_SIGN_STYLE = Automatic;
				CURRENT_PROJECT_VERSION = 1;
				DEVELOPMENT_TEAM = UU3VB7H99Z;
				GENERATE_INFOPLIST_FILE = YES;
				IPHONEOS_DEPLOYMENT_TARGET = 26.2;
				MARKETING_VERSION = 1.0;
				PRODUCT_BUNDLE_IDENTIFIER = com.Akshay.BoringPhoneInterfaceTests;
				PRODUCT_NAME = "$(TARGET_NAME)";
				STRING_CATALOG_GENERATE_SYMBOLS = NO;
				SWIFT_APPROACHABLE_CONCURRENCY = YES;
				SWIFT_EMIT_LOC_STRINGS = NO;
				SWIFT_UPCOMING_FEATURE_MEMBER_IMPORT_VISIBILITY = YES;
				SWIFT_VERSION = 5.0;
				TARGETED_DEVICE_FAMILY = "1,2";
				TEST_HOST = "$(BUILT_PRODUCTS_DIR)/BoringPhoneInterface.app/$(BUNDLE_EXECUTABLE_FOLDER_PATH)/BoringPhoneInterface";
			};
			name = Release;
		};
		6F9D65722F328D2C00F1F22D /* Debug */ = {
			isa = XCBuildConfiguration;
			buildSettings = {
				CODE_SIGN_STYLE = Automatic;
				CURRENT_PROJECT_VERSION = 1;
				DEVELOPMENT_TEAM = UU3VB7H99Z;
				GENERATE_INFOPLIST_FILE = YES;
				MARKETING_VERSION = 1.0;
				PRODUCT_BUNDLE_IDENTIFIER = com.Akshay.BoringPhoneInterfaceUITests;
				PRODUCT_NAME = "$(TARGET_NAME)";
				STRING_CATALOG_GENERATE_SYMBOLS = NO;
				SWIFT_APPROACHABLE_CONCURRENCY = YES;
				SWIFT_EMIT_LOC_STRINGS = NO;
				SWIFT_UPCOMING_FEATURE_MEMBER_IMPORT_VISIBILITY = YES;
				SWIFT_VERSION = 5.0;
				TARGETED_DEVICE_FAMILY = "1,2";
				TEST_TARGET_NAME = BoringPhoneInterface;
			};
			name = Debug;
		};
		6F9D65732F328D2C00F1F22D /* Release */ = {
			isa = XCBuildConfiguration;
			buildSettings = {
				CODE_SIGN_STYLE = Automatic;
				CURRENT_PROJECT_VERSION = 1;
				DEVELOPMENT_TEAM = UU3VB7H99Z;
				GENERATE_INFOPLIST_FILE = YES;
				MARKETING_VERSION = 1.0;
				PRODUCT_BUNDLE_IDENTIFIER = com.Akshay.BoringPhoneInterfaceUITests;
				PRODUCT_NAME = "$(TARGET_NAME)";
				STRING_CATALOG_GENERATE_SYMBOLS = NO;
				SWIFT_APPROACHABLE_CONCURRENCY = YES;
				SWIFT_EMIT_LOC_STRINGS = NO;
				SWIFT_UPCOMING_FEATURE_MEMBER_IMPORT_VISIBILITY = YES;
				SWIFT_VERSION = 5.0;
				TARGETED_DEVICE_FAMILY = "1,2";
				TEST_TARGET_NAME = BoringPhoneInterface;
			};
			name = Release;
		};
/* End XCBuildConfiguration section */

/* Begin XCConfigurationList section */
		6F9D65452F328D2A00F1F22D /* Build configuration list for PBXProject "BoringPhoneInterface" */ = {
			isa = XCConfigurationList;
			buildConfigurations = (
				6F9D65692F328D2C00F1F22D /* Debug */,
				6F9D656A2F328D2C00F1F22D /* Release */,
			);
			defaultConfigurationIsVisible = 0;
			defaultConfigurationName = Release;
		};
		6F9D656B2F328D2C00F1F22D /* Build configuration list for PBXNativeTarget "BoringPhoneInterface" */ = {
			isa = XCConfigurationList;
			buildConfigurations = (
				6F9D656C2F328D2C00F1F22D /* Debug */,
				6F9D656D2F328D2C00F1F22D /* Release */,
			);
			defaultConfigurationIsVisible = 0;
			defaultConfigurationName = Release;
		};
		6F9D656E2F328D2C00F1F22D /* Build configuration list for PBXNativeTarget "BoringPhoneInterfaceTests" */ = {
			isa = XCConfigurationList;
			buildConfigurations = (
				6F9D656F2F328D2C00F1F22D /* Debug */,
				6F9D65702F328D2C00F1F22D /* Release */,
			);
			defaultConfigurationIsVisible = 0;
			defaultConfigurationName = Release;
		};
		6F9D65712F328D2C00F1F22D /* Build configuration list for PBXNativeTarget "BoringPhoneInterfaceUITests" */ = {
			isa = XCConfigurationList;
			buildConfigurations = (
				6F9D65722F328D2C00F1F22D /* Debug */,
				6F9D65732F328D2C00F1F22D /* Release */,
			);
			defaultConfigurationIsVisible = 0;
			defaultConfigurationName = Release;
		};
/* End XCConfigurationList section */
	};
	rootObject = 6F9D65422F328D2A00F1F22D /* Project object */;
}
